// !$*UTF8*$!
{
	archiveVersion = 1;
	classes = {
	};
	objectVersion = 51;
	objects = {

/* Begin PBXBuildFile section */
		4768358E25C8C7E5006AC5FB /* AppDelegate.swift in Sources */ = {isa = PBXBuildFile; fileRef = 4768358D25C8C7E5006AC5FB /* AppDelegate.swift */; };
		4768359025C8C7E5006AC5FB /* SceneDelegate.swift in Sources */ = {isa = PBXBuildFile; fileRef = 4768358F25C8C7E5006AC5FB /* SceneDelegate.swift */; };
		4768359225C8C7E5006AC5FB /* ViewController.swift in Sources */ = {isa = PBXBuildFile; fileRef = 4768359125C8C7E5006AC5FB /* ViewController.swift */; };
		4768359525C8C7E5006AC5FB /* Main.storyboard in Resources */ = {isa = PBXBuildFile; fileRef = 4768359325C8C7E5006AC5FB /* Main.storyboard */; };
		4768359725C8C7E8006AC5FB /* Assets.xcassets in Resources */ = {isa = PBXBuildFile; fileRef = 4768359625C8C7E8006AC5FB /* Assets.xcassets */; };
		4768359A25C8C7E8006AC5FB /* LaunchScreen.storyboard in Resources */ = {isa = PBXBuildFile; fileRef = 4768359825C8C7E8006AC5FB /* LaunchScreen.storyboard */; };
		476835AA25C8D988006AC5FB /* APIConfigurations.swift in Sources */ = {isa = PBXBuildFile; fileRef = 476835A925C8D988006AC5FB /* APIConfigurations.swift */; };
		476835AD25C8D9BB006AC5FB /* GenericClientApi.swift in Sources */ = {isa = PBXBuildFile; fileRef = 476835AC25C8D9BB006AC5FB /* GenericClientApi.swift */; };
		476835B025C8D9E7006AC5FB /* EndPoints.swift in Sources */ = {isa = PBXBuildFile; fileRef = 476835AF25C8D9E7006AC5FB /* EndPoints.swift */; };
		476835B325C8DA12006AC5FB /* ConstantsAPI.swift in Sources */ = {isa = PBXBuildFile; fileRef = 476835B225C8DA12006AC5FB /* ConstantsAPI.swift */; };
		476835B625C8DA37006AC5FB /* GalleryAPI.swift in Sources */ = {isa = PBXBuildFile; fileRef = 476835B525C8DA37006AC5FB /* GalleryAPI.swift */; };
		476835BB25C8E7BA006AC5FB /* UserInfo.swift in Sources */ = {isa = PBXBuildFile; fileRef = 476835BA25C8E7BA006AC5FB /* UserInfo.swift */; };
		476835BE25C8E89B006AC5FB /* Album.swift in Sources */ = {isa = PBXBuildFile; fileRef = 476835BD25C8E89B006AC5FB /* Album.swift */; };
		476835C125C8E940006AC5FB /* Photo.swift in Sources */ = {isa = PBXBuildFile; fileRef = 476835C025C8E940006AC5FB /* Photo.swift */; };
		861221697899A0B9BF9ED6CF /* Pods_HumanSoft.framework in Frameworks */ = {isa = PBXBuildFile; fileRef = 54D00626067DC3377A22A038 /* Pods_HumanSoft.framework */; };
/* End PBXBuildFile section */

/* Begin PBXFileReference section */
		4768358A25C8C7E5006AC5FB /* HumanSoft.app */ = {isa = PBXFileReference; explicitFileType = wrapper.application; includeInIndex = 0; path = HumanSoft.app; sourceTree = BUILT_PRODUCTS_DIR; };
		4768358D25C8C7E5006AC5FB /* AppDelegate.swift */ = {isa = PBXFileReference; lastKnownFileType = sourcecode.swift; path = AppDelegate.swift; sourceTree = "<group>"; };
		4768358F25C8C7E5006AC5FB /* SceneDelegate.swift */ = {isa = PBXFileReference; lastKnownFileType = sourcecode.swift; path = SceneDelegate.swift; sourceTree = "<group>"; };
		4768359125C8C7E5006AC5FB /* ViewController.swift */ = {isa = PBXFileReference; lastKnownFileType = sourcecode.swift; path = ViewController.swift; sourceTree = "<group>"; };
		4768359425C8C7E5006AC5FB /* Base */ = {isa = PBXFileReference; lastKnownFileType = file.storyboard; name = Base; path = Base.lproj/Main.storyboard; sourceTree = "<group>"; };
		4768359625C8C7E8006AC5FB /* Assets.xcassets */ = {isa = PBXFileReference; lastKnownFileType = folder.assetcatalog; path = Assets.xcassets; sourceTree = "<group>"; };
		4768359925C8C7E8006AC5FB /* Base */ = {isa = PBXFileReference; lastKnownFileType = file.storyboard; name = Base; path = Base.lproj/LaunchScreen.storyboard; sourceTree = "<group>"; };
		4768359B25C8C7E8006AC5FB /* Info.plist */ = {isa = PBXFileReference; lastKnownFileType = text.plist.xml; path = Info.plist; sourceTree = "<group>"; };
		476835A925C8D988006AC5FB /* APIConfigurations.swift */ = {isa = PBXFileReference; lastKnownFileType = sourcecode.swift; path = APIConfigurations.swift; sourceTree = "<group>"; };
		476835AC25C8D9BB006AC5FB /* GenericClientApi.swift */ = {isa = PBXFileReference; lastKnownFileType = sourcecode.swift; path = GenericClientApi.swift; sourceTree = "<group>"; };
		476835AF25C8D9E7006AC5FB /* EndPoints.swift */ = {isa = PBXFileReference; lastKnownFileType = sourcecode.swift; path = EndPoints.swift; sourceTree = "<group>"; };
		476835B225C8DA12006AC5FB /* ConstantsAPI.swift */ = {isa = PBXFileReference; lastKnownFileType = sourcecode.swift; path = ConstantsAPI.swift; sourceTree = "<group>"; };
		476835B525C8DA37006AC5FB /* GalleryAPI.swift */ = {isa = PBXFileReference; lastKnownFileType = sourcecode.swift; path = GalleryAPI.swift; sourceTree = "<group>"; };
		476835BA25C8E7BA006AC5FB /* UserInfo.swift */ = {isa = PBXFileReference; lastKnownFileType = sourcecode.swift; path = UserInfo.swift; sourceTree = "<group>"; };
		476835BD25C8E89B006AC5FB /* Album.swift */ = {isa = PBXFileReference; lastKnownFileType = sourcecode.swift; path = Album.swift; sourceTree = "<group>"; };
		476835C025C8E940006AC5FB /* Photo.swift */ = {isa = PBXFileReference; lastKnownFileType = sourcecode.swift; path = Photo.swift; sourceTree = "<group>"; };
		54D00626067DC3377A22A038 /* Pods_HumanSoft.framework */ = {isa = PBXFileReference; explicitFileType = wrapper.framework; includeInIndex = 0; path = Pods_HumanSoft.framework; sourceTree = BUILT_PRODUCTS_DIR; };
		874CC4F90FF4692F4488FD3D /* Pods-HumanSoft.debug.xcconfig */ = {isa = PBXFileReference; includeInIndex = 1; lastKnownFileType = text.xcconfig; name = "Pods-HumanSoft.debug.xcconfig"; path = "Target Support Files/Pods-HumanSoft/Pods-HumanSoft.debug.xcconfig"; sourceTree = "<group>"; };
		E4321E3F6A0A71AF0AC45DDA /* Pods-HumanSoft.release.xcconfig */ = {isa = PBXFileReference; includeInIndex = 1; lastKnownFileType = text.xcconfig; name = "Pods-HumanSoft.release.xcconfig"; path = "Target Support Files/Pods-HumanSoft/Pods-HumanSoft.release.xcconfig"; sourceTree = "<group>"; };
/* End PBXFileReference section */

/* Begin PBXFrameworksBuildPhase section */
		4768358725C8C7E5006AC5FB /* Frameworks */ = {
			isa = PBXFrameworksBuildPhase;
			buildActionMask = 2147483647;
			files = (
				861221697899A0B9BF9ED6CF /* Pods_HumanSoft.framework in Frameworks */,
			);
			runOnlyForDeploymentPostprocessing = 0;
		};
/* End PBXFrameworksBuildPhase section */

/* Begin PBXGroup section */
		079EDC4F7F485E0AAE85FEBC /* Pods */ = {
			isa = PBXGroup;
			children = (
				874CC4F90FF4692F4488FD3D /* Pods-HumanSoft.debug.xcconfig */,
				E4321E3F6A0A71AF0AC45DDA /* Pods-HumanSoft.release.xcconfig */,
			);
			path = Pods;
			sourceTree = "<group>";
		};
		4768358125C8C7E5006AC5FB = {
			isa = PBXGroup;
			children = (
				4768358C25C8C7E5006AC5FB /* HumanSoft */,
				4768358B25C8C7E5006AC5FB /* Products */,
				079EDC4F7F485E0AAE85FEBC /* Pods */,
				739736C6757D6D6632CCEC0C /* Frameworks */,
			);
			sourceTree = "<group>";
		};
		4768358B25C8C7E5006AC5FB /* Products */ = {
			isa = PBXGroup;
			children = (
				4768358A25C8C7E5006AC5FB /* HumanSoft.app */,
			);
			name = Products;
			sourceTree = "<group>";
		};
		4768358C25C8C7E5006AC5FB /* HumanSoft */ = {
			isa = PBXGroup;
			children = (
				476835B825C8DA7D006AC5FB /* Models */,
				476835A825C8D48E006AC5FB /* NetworkLayer */,
				4768358D25C8C7E5006AC5FB /* AppDelegate.swift */,
				4768358F25C8C7E5006AC5FB /* SceneDelegate.swift */,
				4768359125C8C7E5006AC5FB /* ViewController.swift */,
				4768359325C8C7E5006AC5FB /* Main.storyboard */,
				4768359625C8C7E8006AC5FB /* Assets.xcassets */,
				4768359825C8C7E8006AC5FB /* LaunchScreen.storyboard */,
				4768359B25C8C7E8006AC5FB /* Info.plist */,
			);
			path = HumanSoft;
			sourceTree = "<group>";
		};
		476835A825C8D48E006AC5FB /* NetworkLayer */ = {
			isa = PBXGroup;
			children = (
				476835A925C8D988006AC5FB /* APIConfigurations.swift */,
				476835AC25C8D9BB006AC5FB /* GenericClientApi.swift */,
				476835AF25C8D9E7006AC5FB /* EndPoints.swift */,
				476835B225C8DA12006AC5FB /* ConstantsAPI.swift */,
				476835B525C8DA37006AC5FB /* GalleryAPI.swift */,
			);
			path = NetworkLayer;
			sourceTree = "<group>";
		};
		476835B825C8DA7D006AC5FB /* Models */ = {
			isa = PBXGroup;
			children = (
				476835BA25C8E7BA006AC5FB /* UserInfo.swift */,
				476835BD25C8E89B006AC5FB /* Album.swift */,
				476835C025C8E940006AC5FB /* Photo.swift */,
			);
			path = Models;
			sourceTree = "<group>";
		};
		739736C6757D6D6632CCEC0C /* Frameworks */ = {
			isa = PBXGroup;
			children = (
				54D00626067DC3377A22A038 /* Pods_HumanSoft.framework */,
			);
			name = Frameworks;
			sourceTree = "<group>";
		};
/* End PBXGroup section */

/* Begin PBXNativeTarget section */
		4768358925C8C7E5006AC5FB /* HumanSoft */ = {
			isa = PBXNativeTarget;
			buildConfigurationList = 4768359E25C8C7E8006AC5FB /* Build configuration list for PBXNativeTarget "HumanSoft" */;
			buildPhases = (
				77D6AEE0214B98555068A78D /* [CP] Check Pods Manifest.lock */,
				4768358625C8C7E5006AC5FB /* Sources */,
				4768358725C8C7E5006AC5FB /* Frameworks */,
				4768358825C8C7E5006AC5FB /* Resources */,
				2E3FCD447764332825D0B017 /* [CP] Embed Pods Frameworks */,
			);
			buildRules = (
			);
			dependencies = (
			);
			name = HumanSoft;
			productName = HumanSoft;
			productReference = 4768358A25C8C7E5006AC5FB /* HumanSoft.app */;
			productType = "com.apple.product-type.application";
		};
/* End PBXNativeTarget section */

/* Begin PBXProject section */
		4768358225C8C7E5006AC5FB /* Project object */ = {
			isa = PBXProject;
			attributes = {
				LastSwiftUpdateCheck = 1220;
				LastUpgradeCheck = 1220;
				TargetAttributes = {
					4768358925C8C7E5006AC5FB = {
						CreatedOnToolsVersion = 12.2;
					};
				};
			};
			buildConfigurationList = 4768358525C8C7E5006AC5FB /* Build configuration list for PBXProject "HumanSoft" */;
			compatibilityVersion = "Xcode 9.3";
			developmentRegion = en;
			hasScannedForEncodings = 0;
			knownRegions = (
				en,
				Base,
			);
			mainGroup = 4768358125C8C7E5006AC5FB;
			productRefGroup = 4768358B25C8C7E5006AC5FB /* Products */;
			projectDirPath = "";
			projectRoot = "";
			targets = (
				4768358925C8C7E5006AC5FB /* HumanSoft */,
			);
		};
/* End PBXProject section */

/* Begin PBXResourcesBuildPhase section */
		4768358825C8C7E5006AC5FB /* Resources */ = {
			isa = PBXResourcesBuildPhase;
			buildActionMask = 2147483647;
			files = (
				4768359A25C8C7E8006AC5FB /* LaunchScreen.storyboard in Resources */,
				4768359725C8C7E8006AC5FB /* Assets.xcassets in Resources */,
				4768359525C8C7E5006AC5FB /* Main.storyboard in Resources */,
			);
			runOnlyForDeploymentPostprocessing = 0;
		};
/* End PBXResourcesBuildPhase section */

/* Begin PBXShellScriptBuildPhase section */
		2E3FCD447764332825D0B017 /* [CP] Embed Pods Frameworks */ = {
			isa = PBXShellScriptBuildPhase;
			buildActionMask = 2147483647;
			files = (
			);
			inputFileListPaths = (
				"${PODS_ROOT}/Target Support Files/Pods-HumanSoft/Pods-HumanSoft-frameworks-${CONFIGURATION}-input-files.xcfilelist",
			);
			name = "[CP] Embed Pods Frameworks";
			outputFileListPaths = (
				"${PODS_ROOT}/Target Support Files/Pods-HumanSoft/Pods-HumanSoft-frameworks-${CONFIGURATION}-output-files.xcfilelist",
			);
			runOnlyForDeploymentPostprocessing = 0;
			shellPath = /bin/sh;
			shellScript = "\"${PODS_ROOT}/Target Support Files/Pods-HumanSoft/Pods-HumanSoft-frameworks.sh\"\n";
			showEnvVarsInLog = 0;
		};
		77D6AEE0214B98555068A78D /* [CP] Check Pods Manifest.lock */ = {
			isa = PBXShellScriptBuildPhase;
			buildActionMask = 2147483647;
			files = (
			);
			inputFileListPaths = (
			);
			inputPaths = (
				"${PODS_PODFILE_DIR_PATH}/Podfile.lock",
				"${PODS_ROOT}/Manifest.lock",
			);
			name = "[CP] Check Pods Manifest.lock";
			outputFileListPaths = (
			);
			outputPaths = (
				"$(DERIVED_FILE_DIR)/Pods-HumanSoft-checkManifestLockResult.txt",
			);
			runOnlyForDeploymentPostprocessing = 0;
			shellPath = /bin/sh;
			shellScript = "diff \"${PODS_PODFILE_DIR_PATH}/Podfile.lock\" \"${PODS_ROOT}/Manifest.lock\" > /dev/null\nif [ $? != 0 ] ; then\n    # print error to STDERR\n    echo \"error: The sandbox is not in sync with the Podfile.lock. Run 'pod install' or update your CocoaPods installation.\" >&2\n    exit 1\nfi\n# This output is used by Xcode 'outputs' to avoid re-running this script phase.\necho \"SUCCESS\" > \"${SCRIPT_OUTPUT_FILE_0}\"\n";
			showEnvVarsInLog = 0;
		};
/* End PBXShellScriptBuildPhase section */

/* Begin PBXSourcesBuildPhase section */
		4768358625C8C7E5006AC5FB /* Sources */ = {
			isa = PBXSourcesBuildPhase;
			buildActionMask = 2147483647;
			files = (
				4768359225C8C7E5006AC5FB /* ViewController.swift in Sources */,
				4768358E25C8C7E5006AC5FB /* AppDelegate.swift in Sources */,
				476835AD25C8D9BB006AC5FB /* GenericClientApi.swift in Sources */,
				476835B625C8DA37006AC5FB /* GalleryAPI.swift in Sources */,
				4768359025C8C7E5006AC5FB /* SceneDelegate.swift in Sources */,
				476835B025C8D9E7006AC5FB /* EndPoints.swift in Sources */,
				476835B325C8DA12006AC5FB /* ConstantsAPI.swift in Sources */,
				476835C125C8E940006AC5FB /* Photo.swift in Sources */,
				476835BB25C8E7BA006AC5FB /* UserInfo.swift in Sources */,
				476835AA25C8D988006AC5FB /* APIConfigurations.swift in Sources */,
				476835BE25C8E89B006AC5FB /* Album.swift in Sources */,
			);
			runOnlyForDeploymentPostprocessing = 0;
		};
/* End PBXSourcesBuildPhase section */

/* Begin PBXVariantGroup section */
		4768359325C8C7E5006AC5FB /* Main.storyboard */ = {
			isa = PBXVariantGroup;
			children = (
				4768359425C8C7E5006AC5FB /* Base */,
			);
			name = Main.storyboard;
			sourceTree = "<group>";
		};
		4768359825C8C7E8006AC5FB /* LaunchScreen.storyboard */ = {
			isa = PBXVariantGroup;
			children = (
				4768359925C8C7E8006AC5FB /* Base */,
			);
			name = LaunchScreen.storyboard;
			sourceTree = "<group>";
		};
/* End PBXVariantGroup section */

/* Begin XCBuildConfiguration section */
		4768359C25C8C7E8006AC5FB /* Debug */ = {
			isa = XCBuildConfiguration;
			buildSettings = {
				ALWAYS_SEARCH_USER_PATHS = NO;
				CLANG_ANALYZER_NONNULL = YES;
				CLANG_ANALYZER_NUMBER_OBJECT_CONVERSION = YES_AGGRESSIVE;
				CLANG_CXX_LANGUAGE_STANDARD = "gnu++14";
				CLANG_CXX_LIBRARY = "libc++";
				CLANG_ENABLE_MODULES = YES;
				CLANG_ENABLE_OBJC_ARC = YES;
				CLANG_ENABLE_OBJC_WEAK = YES;
				CLANG_WARN_BLOCK_CAPTURE_AUTORELEASING = YES;
				CLANG_WARN_BOOL_CONVERSION = YES;
				CLANG_WARN_COMMA = YES;
				CLANG_WARN_CONSTANT_CONVERSION = YES;
				CLANG_WARN_DEPRECATED_OBJC_IMPLEMENTATIONS = YES;
				CLANG_WARN_DIRECT_OBJC_ISA_USAGE = YES_ERROR;
				CLANG_WARN_DOCUMENTATION_COMMENTS = YES;
				CLANG_WARN_EMPTY_BODY = YES;
				CLANG_WARN_ENUM_CONVERSION = YES;
				CLANG_WARN_INFINITE_RECURSION = YES;
				CLANG_WARN_INT_CONVERSION = YES;
				CLANG_WARN_NON_LITERAL_NULL_CONVERSION = YES;
				CLANG_WARN_OBJC_IMPLICIT_RETAIN_SELF = YES;
				CLANG_WARN_OBJC_LITERAL_CONVERSION = YES;
				CLANG_WARN_OBJC_ROOT_CLASS = YES_ERROR;
				CLANG_WARN_QUOTED_INCLUDE_IN_FRAMEWORK_HEADER = YES;
				CLANG_WARN_RANGE_LOOP_ANALYSIS = YES;
				CLANG_WARN_STRICT_PROTOTYPES = YES;
				CLANG_WARN_SUSPICIOUS_MOVE = YES;
				CLANG_WARN_UNGUARDED_AVAILABILITY = YES_AGGRESSIVE;
				CLANG_WARN_UNREACHABLE_CODE = YES;
				CLANG_WARN__DUPLICATE_METHOD_MATCH = YES;
				COPY_PHASE_STRIP = NO;
				DEBUG_INFORMATION_FORMAT = dwarf;
				ENABLE_STRICT_OBJC_MSGSEND = YES;
				ENABLE_TESTABILITY = YES;
				GCC_C_LANGUAGE_STANDARD = gnu11;
				GCC_DYNAMIC_NO_PIC = NO;
				GCC_NO_COMMON_BLOCKS = YES;
				GCC_OPTIMIZATION_LEVEL = 0;
				GCC_PREPROCESSOR_DEFINITIONS = (
					"DEBUG=1",
					"$(inherited)",
				);
				GCC_WARN_64_TO_32_BIT_CONVERSION = YES;
				GCC_WARN_ABOUT_RETURN_TYPE = YES_ERROR;
				GCC_WARN_UNDECLARED_SELECTOR = YES;
				GCC_WARN_UNINITIALIZED_AUTOS = YES_AGGRESSIVE;
				GCC_WARN_UNUSED_FUNCTION = YES;
				GCC_WARN_UNUSED_VARIABLE = YES;
				IPHONEOS_DEPLOYMENT_TARGET = 14.2;
				MTL_ENABLE_DEBUG_INFO = INCLUDE_SOURCE;
				MTL_FAST_MATH = YES;
				ONLY_ACTIVE_ARCH = YES;
				SDKROOT = iphoneos;
				SWIFT_ACTIVE_COMPILATION_CONDITIONS = DEBUG;
				SWIFT_OPTIMIZATION_LEVEL = "-Onone";
			};
			name = Debug;
		};
		4768359D25C8C7E8006AC5FB /* Release */ = {
			isa = XCBuildConfiguration;
			buildSettings = {
				ALWAYS_SEARCH_USER_PATHS = NO;
				CLANG_ANALYZER_NONNULL = YES;
				CLANG_ANALYZER_NUMBER_OBJECT_CONVERSION = YES_AGGRESSIVE;
				CLANG_CXX_LANGUAGE_STANDARD = "gnu++14";
				CLANG_CXX_LIBRARY = "libc++";
				CLANG_ENABLE_MODULES = YES;
				CLANG_ENABLE_OBJC_ARC = YES;
				CLANG_ENABLE_OBJC_WEAK = YES;
				CLANG_WARN_BLOCK_CAPTURE_AUTORELEASING = YES;
				CLANG_WARN_BOOL_CONVERSION = YES;
				CLANG_WARN_COMMA = YES;
				CLANG_WARN_CONSTANT_CONVERSION = YES;
				CLANG_WARN_DEPRECATED_OBJC_IMPLEMENTATIONS = YES;
				CLANG_WARN_DIRECT_OBJC_ISA_USAGE = YES_ERROR;
				CLANG_WARN_DOCUMENTATION_COMMENTS = YES;
				CLANG_WARN_EMPTY_BODY = YES;
				CLANG_WARN_ENUM_CONVERSION = YES;
				CLANG_WARN_INFINITE_RECURSION = YES;
				CLANG_WARN_INT_CONVERSION = YES;
				CLANG_WARN_NON_LITERAL_NULL_CONVERSION = YES;
				CLANG_WARN_OBJC_IMPLICIT_RETAIN_SELF = YES;
				CLANG_WARN_OBJC_LITERAL_CONVERSION = YES;
				CLANG_WARN_OBJC_ROOT_CLASS = YES_ERROR;
				CLANG_WARN_QUOTED_INCLUDE_IN_FRAMEWORK_HEADER = YES;
				CLANG_WARN_RANGE_LOOP_ANALYSIS = YES;
				CLANG_WARN_STRICT_PROTOTYPES = YES;
				CLANG_WARN_SUSPICIOUS_MOVE = YES;
				CLANG_WARN_UNGUARDED_AVAILABILITY = YES_AGGRESSIVE;
				CLANG_WARN_UNREACHABLE_CODE = YES;
				CLANG_WARN__DUPLICATE_METHOD_MATCH = YES;
				COPY_PHASE_STRIP = NO;
				DEBUG_INFORMATION_FORMAT = "dwarf-with-dsym";
				ENABLE_NS_ASSERTIONS = NO;
				ENABLE_STRICT_OBJC_MSGSEND = YES;
				GCC_C_LANGUAGE_STANDARD = gnu11;
				GCC_NO_COMMON_BLOCKS = YES;
				GCC_WARN_64_TO_32_BIT_CONVERSION = YES;
				GCC_WARN_ABOUT_RETURN_TYPE = YES_ERROR;
				GCC_WARN_UNDECLARED_SELECTOR = YES;
				GCC_WARN_UNINITIALIZED_AUTOS = YES_AGGRESSIVE;
				GCC_WARN_UNUSED_FUNCTION = YES;
				GCC_WARN_UNUSED_VARIABLE = YES;
				IPHONEOS_DEPLOYMENT_TARGET = 14.2;
				MTL_ENABLE_DEBUG_INFO = NO;
				MTL_FAST_MATH = YES;
				SDKROOT = iphoneos;
				SWIFT_COMPILATION_MODE = wholemodule;
				SWIFT_OPTIMIZATION_LEVEL = "-O";
				VALIDATE_PRODUCT = YES;
			};
			name = Release;
		};
		4768359F25C8C7E8006AC5FB /* Debug */ = {
			isa = XCBuildConfiguration;
			baseConfigurationReference = 874CC4F90FF4692F4488FD3D /* Pods-HumanSoft.debug.xcconfig */;
			buildSettings = {
				ASSETCATALOG_COMPILER_APPICON_NAME = AppIcon;
				ASSETCATALOG_COMPILER_GLOBAL_ACCENT_COLOR_NAME = AccentColor;
				CODE_SIGN_STYLE = Automatic;
				DEVELOPMENT_TEAM = 7KZJ9WZKUD;
				INFOPLIST_FILE = HumanSoft/Info.plist;
				LD_RUNPATH_SEARCH_PATHS = (
					"$(inherited)",
					"@executable_path/Frameworks",
				);
				PRODUCT_BUNDLE_IDENTIFIER = azza.HumanSoft;
				PRODUCT_NAME = "$(TARGET_NAME)";
				SWIFT_VERSION = 5.0;
				TARGETED_DEVICE_FAMILY = 1;
			};
			name = Debug;
		};
		476835A025C8C7E8006AC5FB /* Release */ = {
			isa = XCBuildConfiguration;
			baseConfigurationReference = E4321E3F6A0A71AF0AC45DDA /* Pods-HumanSoft.release.xcconfig */;
			buildSettings = {
				ASSETCATALOG_COMPILER_APPICON_NAME = AppIcon;
				ASSETCATALOG_COMPILER_GLOBAL_ACCENT_COLOR_NAME = AccentColor;
				CODE_SIGN_STYLE = Automatic;
				DEVELOPMENT_TEAM = 7KZJ9WZKUD;
				INFOPLIST_FILE = HumanSoft/Info.plist;
				LD_RUNPATH_SEARCH_PATHS = (
					"$(inherited)",
					"@executable_path/Frameworks",
				);
				PRODUCT_BUNDLE_IDENTIFIER = azza.HumanSoft;
				PRODUCT_NAME = "$(TARGET_NAME)";
				SWIFT_VERSION = 5.0;
				TARGETED_DEVICE_FAMILY = 1;
			};
			name = Release;
		};
/* End XCBuildConfiguration section */

/* Begin XCConfigurationList section */
		4768358525C8C7E5006AC5FB /* Build configuration list for PBXProject "HumanSoft" */ = {
			isa = XCConfigurationList;
			buildConfigurations = (
				4768359C25C8C7E8006AC5FB /* Debug */,
				4768359D25C8C7E8006AC5FB /* Release */,
			);
			defaultConfigurationIsVisible = 0;
			defaultConfigurationName = Release;
		};
		4768359E25C8C7E8006AC5FB /* Build configuration list for PBXNativeTarget "HumanSoft" */ = {
			isa = XCConfigurationList;
			buildConfigurations = (
				4768359F25C8C7E8006AC5FB /* Debug */,
				476835A025C8C7E8006AC5FB /* Release */,
			);
			defaultConfigurationIsVisible = 0;
			defaultConfigurationName = Release;
		};
/* End XCConfigurationList section */
	};
	rootObject = 4768358225C8C7E5006AC5FB /* Project object */;
}
